
Microsoft Visual Studio Solution File, Format Version 12.00
# Visual Studio Version 17
VisualStudioVersion = 17.10.35013.160
MinimumVisualStudioVersion = 10.0.40219.1
Project("{FAE04EC0-301F-11D3-BF4B-00C04F79EFBC}") = "Laboration 1", "Laboration 1\Laboration 1.csproj", "{EA820926-DD58-44C1-A0C1-8F25217DB061}"
EndProject
Global
	GlobalSection(SolutionConfigurationPlatforms) = preSolution
		Debug|Any CPU = Debug|Any CPU
		Release|Any CPU = Release|Any CPU
	EndGlobalSection
	GlobalSection(ProjectConfigurationPlatforms) = postSolution
		{EA820926-DD58-44C1-A0C1-8F25217DB061}.Debug|Any CPU.ActiveCfg = Debug|Any CPU
		{EA820926-DD58-44C1-A0C1-8F25217DB061}.Debug|Any CPU.Build.0 = Debug|Any CPU
		{EA820926-DD58-44C1-A0C1-8F25217DB061}.Release|Any CPU.ActiveCfg = Release|Any CPU
		{EA820926-DD58-44C1-A0C1-8F25217DB061}.Release|Any CPU.Build.0 = Release|Any CPU
	EndGlobalSection
	GlobalSection(SolutionProperties) = preSolution
		HideSolutionNode = FALSE
	EndGlobalSection
	GlobalSection(ExtensibilityGlobals) = postSolution
		SolutionGuid = {ADD58B20-7084-434F-B36D-94FDA31FC52D}
	EndGlobalSection
EndGlobal
